
Microsoft Visual Studio Solution File, Format Version 12.00
# Visual Studio Version 17
VisualStudioVersion = 17.5.002.0
MinimumVisualStudioVersion = 10.0.40219.1
Project("{9A19103F-16F7-4668-BE54-9A1E7A4F7556}") = "Destructores", "Destructores.csproj", "{E6B0160D-EA25-4707-AC04-73ACF11F2790}"
EndProject
Global
	GlobalSection(SolutionConfigurationPlatforms) = preSolution
		Debug|Any CPU = Debug|Any CPU
		Release|Any CPU = Release|Any CPU
	EndGlobalSection
	GlobalSection(ProjectConfigurationPlatforms) = postSolution
		{E6B0160D-EA25-4707-AC04-73ACF11F2790}.Debug|Any CPU.ActiveCfg = Debug|Any CPU
		{E6B0160D-EA25-4707-AC04-73ACF11F2790}.Debug|Any CPU.Build.0 = Debug|Any CPU
		{E6B0160D-EA25-4707-AC04-73ACF11F2790}.Release|Any CPU.ActiveCfg = Release|Any CPU
		{E6B0160D-EA25-4707-AC04-73ACF11F2790}.Release|Any CPU.Build.0 = Release|Any CPU
	EndGlobalSection
	GlobalSection(SolutionProperties) = preSolution
		HideSolutionNode = FALSE
	EndGlobalSection
	GlobalSection(ExtensibilityGlobals) = postSolution
		SolutionGuid = {0EFF30D9-17EB-4446-A5D7-095534F5B929}
	EndGlobalSection
EndGlobal
