
Microsoft Visual Studio Solution File, Format Version 12.00
# Visual Studio Version 17
VisualStudioVersion = 17.5.002.0
MinimumVisualStudioVersion = 10.0.40219.1
Project("{9A19103F-16F7-4668-BE54-9A1E7A4F7556}") = "AvisosVarios", "AvisosVarios.csproj", "{7BE060B2-8AB5-4A6E-BFAC-6747BFB20203}"
EndProject
Global
	GlobalSection(SolutionConfigurationPlatforms) = preSolution
		Debug|Any CPU = Debug|Any CPU
		Release|Any CPU = Release|Any CPU
	EndGlobalSection
	GlobalSection(ProjectConfigurationPlatforms) = postSolution
		{7BE060B2-8AB5-4A6E-BFAC-6747BFB20203}.Debug|Any CPU.ActiveCfg = Debug|Any CPU
		{7BE060B2-8AB5-4A6E-BFAC-6747BFB20203}.Debug|Any CPU.Build.0 = Debug|Any CPU
		{7BE060B2-8AB5-4A6E-BFAC-6747BFB20203}.Release|Any CPU.ActiveCfg = Release|Any CPU
		{7BE060B2-8AB5-4A6E-BFAC-6747BFB20203}.Release|Any CPU.Build.0 = Release|Any CPU
	EndGlobalSection
	GlobalSection(SolutionProperties) = preSolution
		HideSolutionNode = FALSE
	EndGlobalSection
	GlobalSection(ExtensibilityGlobals) = postSolution
		SolutionGuid = {6F8C27B1-25E6-4A28-B3FD-F6D63C8B86C9}
	EndGlobalSection
EndGlobal
